
Microsoft Visual Studio Solution File, Format Version 12.00
# Visual Studio 15
Project("{FAE04EC0-301F-11D3-BF4B-00C04F79EFBC}") = "Assembly-CSharp", "Assembly-CSharp.csproj", "{DDAE3DA5-EFA0-4500-F525-6526E36295A4}"
EndProject
Project("{FAE04EC0-301F-11D3-BF4B-00C04F79EFBC}") = "Assembly-CSharp-Editor", "Assembly-CSharp-Editor.csproj", "{2B2990DC-F185-6772-76DA-B1FF86782CA1}"
EndProject
Global
	GlobalSection(SolutionConfigurationPlatforms) = preSolution
		Debug|Any CPU = Debug|Any CPU
		Release|Any CPU = Release|Any CPU
	EndGlobalSection
	GlobalSection(ProjectConfigurationPlatforms) = postSolution
		{DDAE3DA5-EFA0-4500-F525-6526E36295A4}.Debug|Any CPU.ActiveCfg = Debug|Any CPU
		{DDAE3DA5-EFA0-4500-F525-6526E36295A4}.Debug|Any CPU.Build.0 = Debug|Any CPU
		{DDAE3DA5-EFA0-4500-F525-6526E36295A4}.Release|Any CPU.ActiveCfg = Release|Any CPU
		{DDAE3DA5-EFA0-4500-F525-6526E36295A4}.Release|Any CPU.Build.0 = Release|Any CPU
		{2B2990DC-F185-6772-76DA-B1FF86782CA1}.Debug|Any CPU.ActiveCfg = Debug|Any CPU
		{2B2990DC-F185-6772-76DA-B1FF86782CA1}.Debug|Any CPU.Build.0 = Debug|Any CPU
		{2B2990DC-F185-6772-76DA-B1FF86782CA1}.Release|Any CPU.ActiveCfg = Release|Any CPU
		{2B2990DC-F185-6772-76DA-B1FF86782CA1}.Release|Any CPU.Build.0 = Release|Any CPU
	EndGlobalSection
	GlobalSection(SolutionProperties) = preSolution
		HideSolutionNode = FALSE
	EndGlobalSection
EndGlobal
